# This file was autogenerated by Stack.
# You should not edit this file by hand.
# For more information, please see the documentation at:
#   https://docs.haskellstack.org/en/stable/lock_files

packages: []
snapshots:
- completed:
    sha256: 7c064ccb3871352bd90723c7e972bd1126f20b3e1ef215c4e121e75370ca0897
    size: 644320
    url: https://raw.githubusercontent.com/commercialhaskell/stackage-snapshots/master/nightly/2024/6/4.yaml
  original: nightly-2024-06-04
